
Microsoft Visual Studio Solution File, Format Version 12.00
# Visual Studio 15
VisualStudioVersion = 15.0.26124.0
MinimumVisualStudioVersion = 15.0.26124.0
Project("{2150E333-8FDC-42A3-9474-1A3956D46DE8}") = "src", "src", "{751BEA86-D4E8-4FC4-ADF3-A2B3A8196071}"
EndProject
Project("{FAE04EC0-301F-11D3-BF4B-00C04F79EFBC}") = "Microsoft.CodeAnalysis.Diff", "src\Microsoft.CodeAnalysis.Diff\Microsoft.CodeAnalysis.Diff.csproj", "{F75DA74F-AF92-4E08-9191-29CBC15A61A0}"
EndProject
Project("{2150E333-8FDC-42A3-9474-1A3956D46DE8}") = "tests", "tests", "{2C483722-56C5-4271-A6AF-F3B49669309C}"
EndProject
Project("{FAE04EC0-301F-11D3-BF4B-00C04F79EFBC}") = "Microsoft.CodeAnalysis.Diff.Tests", "tests\Microsoft.CodeAnalysis.Diff.Tests\Microsoft.CodeAnalysis.Diff.Tests.csproj", "{381B9E8A-834B-4E1F-9D3A-48425882780B}"
EndProject
Global
	GlobalSection(SolutionConfigurationPlatforms) = preSolution
		Debug|Any CPU = Debug|Any CPU
		Debug|x64 = Debug|x64
		Debug|x86 = Debug|x86
		Release|Any CPU = Release|Any CPU
		Release|x64 = Release|x64
		Release|x86 = Release|x86
	EndGlobalSection
	GlobalSection(SolutionProperties) = preSolution
		HideSolutionNode = FALSE
	EndGlobalSection
	GlobalSection(ProjectConfigurationPlatforms) = postSolution
		{F75DA74F-AF92-4E08-9191-29CBC15A61A0}.Debug|Any CPU.ActiveCfg = Debug|Any CPU
		{F75DA74F-AF92-4E08-9191-29CBC15A61A0}.Debug|Any CPU.Build.0 = Debug|Any CPU
		{F75DA74F-AF92-4E08-9191-29CBC15A61A0}.Debug|x64.ActiveCfg = Debug|Any CPU
		{F75DA74F-AF92-4E08-9191-29CBC15A61A0}.Debug|x64.Build.0 = Debug|Any CPU
		{F75DA74F-AF92-4E08-9191-29CBC15A61A0}.Debug|x86.ActiveCfg = Debug|Any CPU
		{F75DA74F-AF92-4E08-9191-29CBC15A61A0}.Debug|x86.Build.0 = Debug|Any CPU
		{F75DA74F-AF92-4E08-9191-29CBC15A61A0}.Release|Any CPU.ActiveCfg = Release|Any CPU
		{F75DA74F-AF92-4E08-9191-29CBC15A61A0}.Release|Any CPU.Build.0 = Release|Any CPU
		{F75DA74F-AF92-4E08-9191-29CBC15A61A0}.Release|x64.ActiveCfg = Release|Any CPU
		{F75DA74F-AF92-4E08-9191-29CBC15A61A0}.Release|x64.Build.0 = Release|Any CPU
		{F75DA74F-AF92-4E08-9191-29CBC15A61A0}.Release|x86.ActiveCfg = Release|Any CPU
		{F75DA74F-AF92-4E08-9191-29CBC15A61A0}.Release|x86.Build.0 = Release|Any CPU
		{381B9E8A-834B-4E1F-9D3A-48425882780B}.Debug|Any CPU.ActiveCfg = Debug|Any CPU
		{381B9E8A-834B-4E1F-9D3A-48425882780B}.Debug|Any CPU.Build.0 = Debug|Any CPU
		{381B9E8A-834B-4E1F-9D3A-48425882780B}.Debug|x64.ActiveCfg = Debug|Any CPU
		{381B9E8A-834B-4E1F-9D3A-48425882780B}.Debug|x64.Build.0 = Debug|Any CPU
		{381B9E8A-834B-4E1F-9D3A-48425882780B}.Debug|x86.ActiveCfg = Debug|Any CPU
		{381B9E8A-834B-4E1F-9D3A-48425882780B}.Debug|x86.Build.0 = Debug|Any CPU
		{381B9E8A-834B-4E1F-9D3A-48425882780B}.Release|Any CPU.ActiveCfg = Release|Any CPU
		{381B9E8A-834B-4E1F-9D3A-48425882780B}.Release|Any CPU.Build.0 = Release|Any CPU
		{381B9E8A-834B-4E1F-9D3A-48425882780B}.Release|x64.ActiveCfg = Release|Any CPU
		{381B9E8A-834B-4E1F-9D3A-48425882780B}.Release|x64.Build.0 = Release|Any CPU
		{381B9E8A-834B-4E1F-9D3A-48425882780B}.Release|x86.ActiveCfg = Release|Any CPU
		{381B9E8A-834B-4E1F-9D3A-48425882780B}.Release|x86.Build.0 = Release|Any CPU
	EndGlobalSection
	GlobalSection(NestedProjects) = preSolution
		{F75DA74F-AF92-4E08-9191-29CBC15A61A0} = {751BEA86-D4E8-4FC4-ADF3-A2B3A8196071}
		{381B9E8A-834B-4E1F-9D3A-48425882780B} = {2C483722-56C5-4271-A6AF-F3B49669309C}
	EndGlobalSection
EndGlobal
